// !$*UTF8*$!
{
	archiveVersion = 1;
	classes = {
	};
	objectVersion = 56;
	objects = {

/* Begin PBXBuildFile section */
		9F7EF8CE2B378C7A00E650D7 /* AppDelegate.swift in Sources */ = {isa = PBXBuildFile; fileRef = 9F7EF8CD2B378C7A00E650D7 /* AppDelegate.swift */; };
		9F7EF8D02B378C7A00E650D7 /* SceneDelegate.swift in Sources */ = {isa = PBXBuildFile; fileRef = 9F7EF8CF2B378C7A00E650D7 /* SceneDelegate.swift */; };
		9F7EF8D72B378C7D00E650D7 /* Assets.xcassets in Resources */ = {isa = PBXBuildFile; fileRef = 9F7EF8D62B378C7D00E650D7 /* Assets.xcassets */; };
		9F7EF8E32B37A2F700E650D7 /* BaseViewController.swift in Sources */ = {isa = PBXBuildFile; fileRef = 9F7EF8E22B37A2F700E650D7 /* BaseViewController.swift */; };
		9F7EF8EE2B384F7000E650D7 /* NetworkTarget.swift in Sources */ = {isa = PBXBuildFile; fileRef = 9F7EF8ED2B384F7000E650D7 /* NetworkTarget.swift */; };
		9F7EF8F22B384FBB00E650D7 /* NetworkService.swift in Sources */ = {isa = PBXBuildFile; fileRef = 9F7EF8F12B384FBB00E650D7 /* NetworkService.swift */; };
		9F7EF8F42B384FE200E650D7 /* NetworkError.swift in Sources */ = {isa = PBXBuildFile; fileRef = 9F7EF8F32B384FE200E650D7 /* NetworkError.swift */; };
		9F7EF8F72B38504700E650D7 /* URL+Additions.swift in Sources */ = {isa = PBXBuildFile; fileRef = 9F7EF8F62B38504700E650D7 /* URL+Additions.swift */; };
		9F7EF8F92B38519E00E650D7 /* UserApiService.swift in Sources */ = {isa = PBXBuildFile; fileRef = 9F7EF8F82B38519E00E650D7 /* UserApiService.swift */; };
		9F7EF8FB2B3851FC00E650D7 /* UserTarget.swift in Sources */ = {isa = PBXBuildFile; fileRef = 9F7EF8FA2B3851FC00E650D7 /* UserTarget.swift */; };
		9F7EF8FD2B385DB000E650D7 /* User.swift in Sources */ = {isa = PBXBuildFile; fileRef = 9F7EF8FC2B385DB000E650D7 /* User.swift */; };
		9F7EF8FF2B38625900E650D7 /* Identifiable.swift in Sources */ = {isa = PBXBuildFile; fileRef = 9F7EF8FE2B38625900E650D7 /* Identifiable.swift */; };
		9F7EF9042B38671200E650D7 /* UserTableViewCell.swift in Sources */ = {isa = PBXBuildFile; fileRef = 9F7EF9032B38671200E650D7 /* UserTableViewCell.swift */; };
		9F7EF9082B386A0A00E650D7 /* Colors.xcassets in Resources */ = {isa = PBXBuildFile; fileRef = 9F7EF9072B386A0A00E650D7 /* Colors.xcassets */; };
		9F7EF90B2B386D7D00E650D7 /* ColorHelper.swift in Sources */ = {isa = PBXBuildFile; fileRef = 9F7EF90A2B386D7D00E650D7 /* ColorHelper.swift */; };
		9F7EF90D2B38700900E650D7 /* UIView+Additions.swift in Sources */ = {isa = PBXBuildFile; fileRef = 9F7EF90C2B38700900E650D7 /* UIView+Additions.swift */; };
		9F7EF90F2B38758B00E650D7 /* UsersView.swift in Sources */ = {isa = PBXBuildFile; fileRef = 9F7EF90E2B38758B00E650D7 /* UsersView.swift */; };
		9F7EF9112B38761F00E650D7 /* BaseView.swift in Sources */ = {isa = PBXBuildFile; fileRef = 9F7EF9102B38761F00E650D7 /* BaseView.swift */; };
		9F7EF9132B387A1D00E650D7 /* UsersViewController.swift in Sources */ = {isa = PBXBuildFile; fileRef = 9F7EF9122B387A1D00E650D7 /* UsersViewController.swift */; };
		9F7EF9152B387A3300E650D7 /* UsersViewModel.swift in Sources */ = {isa = PBXBuildFile; fileRef = 9F7EF9142B387A3300E650D7 /* UsersViewModel.swift */; };
		9F7EF9192B387AC300E650D7 /* ViewModel.swift in Sources */ = {isa = PBXBuildFile; fileRef = 9F7EF9182B387AC200E650D7 /* ViewModel.swift */; };
		9F7EF91C2B38F0C600E650D7 /* MessagesViewModel.swift in Sources */ = {isa = PBXBuildFile; fileRef = 9F7EF91B2B38F0C600E650D7 /* MessagesViewModel.swift */; };
		9F7EF91E2B38FA0F00E650D7 /* Message.swift in Sources */ = {isa = PBXBuildFile; fileRef = 9F7EF91D2B38FA0F00E650D7 /* Message.swift */; };
		9F7EF9202B38FB0800E650D7 /* MessageTarget.swift in Sources */ = {isa = PBXBuildFile; fileRef = 9F7EF91F2B38FB0800E650D7 /* MessageTarget.swift */; };
		9F7EF9222B38FBCA00E650D7 /* MessageApiService.swift in Sources */ = {isa = PBXBuildFile; fileRef = 9F7EF9212B38FBCA00E650D7 /* MessageApiService.swift */; };
		9F7EF9252B38FCF800E650D7 /* MessageView.swift in Sources */ = {isa = PBXBuildFile; fileRef = 9F7EF9242B38FCF800E650D7 /* MessageView.swift */; };
		9F7EF9272B38FD1300E650D7 /* MessageViewController.swift in Sources */ = {isa = PBXBuildFile; fileRef = 9F7EF9262B38FD1300E650D7 /* MessageViewController.swift */; };
		9F7EF9292B38FD4200E650D7 /* MessageTableViewCell.swift in Sources */ = {isa = PBXBuildFile; fileRef = 9F7EF9282B38FD4200E650D7 /* MessageTableViewCell.swift */; };
		9F7EF92D2B3978F200E650D7 /* KeyChainHelper.swift in Sources */ = {isa = PBXBuildFile; fileRef = 9F7EF92C2B3978F200E650D7 /* KeyChainHelper.swift */; };
		9F7EF92F2B397CF400E650D7 /* KeychainError.swift in Sources */ = {isa = PBXBuildFile; fileRef = 9F7EF92E2B397CF400E650D7 /* KeychainError.swift */; };
		9F7EF9322B39B62000E650D7 /* CryptographyManager.swift in Sources */ = {isa = PBXBuildFile; fileRef = 9F7EF9312B39B62000E650D7 /* CryptographyManager.swift */; };
/* End PBXBuildFile section */

/* Begin PBXFileReference section */
		9F7EF8CA2B378C7A00E650D7 /* Messenger Challenge.app */ = {isa = PBXFileReference; explicitFileType = wrapper.application; includeInIndex = 0; path = "Messenger Challenge.app"; sourceTree = BUILT_PRODUCTS_DIR; };
		9F7EF8CD2B378C7A00E650D7 /* AppDelegate.swift */ = {isa = PBXFileReference; lastKnownFileType = sourcecode.swift; path = AppDelegate.swift; sourceTree = "<group>"; };
		9F7EF8CF2B378C7A00E650D7 /* SceneDelegate.swift */ = {isa = PBXFileReference; lastKnownFileType = sourcecode.swift; path = SceneDelegate.swift; sourceTree = "<group>"; };
		9F7EF8D62B378C7D00E650D7 /* Assets.xcassets */ = {isa = PBXFileReference; lastKnownFileType = folder.assetcatalog; path = Assets.xcassets; sourceTree = "<group>"; };
		9F7EF8DB2B378C7D00E650D7 /* Info.plist */ = {isa = PBXFileReference; lastKnownFileType = text.plist.xml; path = Info.plist; sourceTree = "<group>"; };
		9F7EF8E22B37A2F700E650D7 /* BaseViewController.swift */ = {isa = PBXFileReference; lastKnownFileType = sourcecode.swift; path = BaseViewController.swift; sourceTree = "<group>"; };
		9F7EF8ED2B384F7000E650D7 /* NetworkTarget.swift */ = {isa = PBXFileReference; lastKnownFileType = sourcecode.swift; path = NetworkTarget.swift; sourceTree = "<group>"; };
		9F7EF8F12B384FBB00E650D7 /* NetworkService.swift */ = {isa = PBXFileReference; lastKnownFileType = sourcecode.swift; path = NetworkService.swift; sourceTree = "<group>"; };
		9F7EF8F32B384FE200E650D7 /* NetworkError.swift */ = {isa = PBXFileReference; lastKnownFileType = sourcecode.swift; path = NetworkError.swift; sourceTree = "<group>"; };
		9F7EF8F62B38504700E650D7 /* URL+Additions.swift */ = {isa = PBXFileReference; lastKnownFileType = sourcecode.swift; path = "URL+Additions.swift"; sourceTree = "<group>"; };
		9F7EF8F82B38519E00E650D7 /* UserApiService.swift */ = {isa = PBXFileReference; lastKnownFileType = sourcecode.swift; path = UserApiService.swift; sourceTree = "<group>"; };
		9F7EF8FA2B3851FC00E650D7 /* UserTarget.swift */ = {isa = PBXFileReference; lastKnownFileType = sourcecode.swift; path = UserTarget.swift; sourceTree = "<group>"; };
		9F7EF8FC2B385DB000E650D7 /* User.swift */ = {isa = PBXFileReference; lastKnownFileType = sourcecode.swift; path = User.swift; sourceTree = "<group>"; };
		9F7EF8FE2B38625900E650D7 /* Identifiable.swift */ = {isa = PBXFileReference; lastKnownFileType = sourcecode.swift; path = Identifiable.swift; sourceTree = "<group>"; };
		9F7EF9032B38671200E650D7 /* UserTableViewCell.swift */ = {isa = PBXFileReference; lastKnownFileType = sourcecode.swift; path = UserTableViewCell.swift; sourceTree = "<group>"; };
		9F7EF9072B386A0A00E650D7 /* Colors.xcassets */ = {isa = PBXFileReference; lastKnownFileType = folder.assetcatalog; path = Colors.xcassets; sourceTree = "<group>"; };
		9F7EF90A2B386D7D00E650D7 /* ColorHelper.swift */ = {isa = PBXFileReference; lastKnownFileType = sourcecode.swift; path = ColorHelper.swift; sourceTree = "<group>"; };
		9F7EF90C2B38700900E650D7 /* UIView+Additions.swift */ = {isa = PBXFileReference; lastKnownFileType = sourcecode.swift; path = "UIView+Additions.swift"; sourceTree = "<group>"; };
		9F7EF90E2B38758B00E650D7 /* UsersView.swift */ = {isa = PBXFileReference; lastKnownFileType = sourcecode.swift; path = UsersView.swift; sourceTree = "<group>"; };
		9F7EF9102B38761F00E650D7 /* BaseView.swift */ = {isa = PBXFileReference; lastKnownFileType = sourcecode.swift; path = BaseView.swift; sourceTree = "<group>"; };
		9F7EF9122B387A1D00E650D7 /* UsersViewController.swift */ = {isa = PBXFileReference; lastKnownFileType = sourcecode.swift; path = UsersViewController.swift; sourceTree = "<group>"; };
		9F7EF9142B387A3300E650D7 /* UsersViewModel.swift */ = {isa = PBXFileReference; lastKnownFileType = sourcecode.swift; path = UsersViewModel.swift; sourceTree = "<group>"; };
		9F7EF9182B387AC200E650D7 /* ViewModel.swift */ = {isa = PBXFileReference; lastKnownFileType = sourcecode.swift; path = ViewModel.swift; sourceTree = "<group>"; };
		9F7EF91B2B38F0C600E650D7 /* MessagesViewModel.swift */ = {isa = PBXFileReference; lastKnownFileType = sourcecode.swift; path = MessagesViewModel.swift; sourceTree = "<group>"; };
		9F7EF91D2B38FA0F00E650D7 /* Message.swift */ = {isa = PBXFileReference; lastKnownFileType = sourcecode.swift; path = Message.swift; sourceTree = "<group>"; };
		9F7EF91F2B38FB0800E650D7 /* MessageTarget.swift */ = {isa = PBXFileReference; lastKnownFileType = sourcecode.swift; path = MessageTarget.swift; sourceTree = "<group>"; };
		9F7EF9212B38FBCA00E650D7 /* MessageApiService.swift */ = {isa = PBXFileReference; lastKnownFileType = sourcecode.swift; path = MessageApiService.swift; sourceTree = "<group>"; };
		9F7EF9242B38FCF800E650D7 /* MessageView.swift */ = {isa = PBXFileReference; lastKnownFileType = sourcecode.swift; path = MessageView.swift; sourceTree = "<group>"; };
		9F7EF9262B38FD1300E650D7 /* MessageViewController.swift */ = {isa = PBXFileReference; lastKnownFileType = sourcecode.swift; path = MessageViewController.swift; sourceTree = "<group>"; };
		9F7EF9282B38FD4200E650D7 /* MessageTableViewCell.swift */ = {isa = PBXFileReference; lastKnownFileType = sourcecode.swift; path = MessageTableViewCell.swift; sourceTree = "<group>"; };
		9F7EF92C2B3978F200E650D7 /* KeyChainHelper.swift */ = {isa = PBXFileReference; lastKnownFileType = sourcecode.swift; path = KeyChainHelper.swift; sourceTree = "<group>"; };
		9F7EF92E2B397CF400E650D7 /* KeychainError.swift */ = {isa = PBXFileReference; lastKnownFileType = sourcecode.swift; path = KeychainError.swift; sourceTree = "<group>"; };
		9F7EF9312B39B62000E650D7 /* CryptographyManager.swift */ = {isa = PBXFileReference; lastKnownFileType = sourcecode.swift; path = CryptographyManager.swift; sourceTree = "<group>"; };
/* End PBXFileReference section */

/* Begin PBXFrameworksBuildPhase section */
		9F7EF8C72B378C7A00E650D7 /* Frameworks */ = {
			isa = PBXFrameworksBuildPhase;
			buildActionMask = 2147483647;
			files = (
			);
			runOnlyForDeploymentPostprocessing = 0;
		};
/* End PBXFrameworksBuildPhase section */

/* Begin PBXGroup section */
		9F7EF8C12B378C7A00E650D7 = {
			isa = PBXGroup;
			children = (
				9F7EF8CC2B378C7A00E650D7 /* Messenger Challenge */,
				9F7EF8CB2B378C7A00E650D7 /* Products */,
			);
			sourceTree = "<group>";
		};
		9F7EF8CB2B378C7A00E650D7 /* Products */ = {
			isa = PBXGroup;
			children = (
				9F7EF8CA2B378C7A00E650D7 /* Messenger Challenge.app */,
			);
			name = Products;
			sourceTree = "<group>";
		};
		9F7EF8CC2B378C7A00E650D7 /* Messenger Challenge */ = {
			isa = PBXGroup;
			children = (
				9F7EF9302B39B30700E650D7 /* Cryptography */,
				9F7EF8E42B37A37E00E650D7 /* Architecture */,
				9F7EF9052B38697600E650D7 /* Infrastructure */,
				9F7EF8E52B37A5FB00E650D7 /* Scenes */,
				9F7EF8E82B37A70C00E650D7 /* Services */,
				9F7EF8F52B38503700E650D7 /* Extensions */,
				9F7EF9002B38628400E650D7 /* Util */,
			);
			path = "Messenger Challenge";
			sourceTree = "<group>";
		};
		9F7EF8E42B37A37E00E650D7 /* Architecture */ = {
			isa = PBXGroup;
			children = (
				9F7EF8E22B37A2F700E650D7 /* BaseViewController.swift */,
				9F7EF9102B38761F00E650D7 /* BaseView.swift */,
				9F7EF9182B387AC200E650D7 /* ViewModel.swift */,
			);
			path = Architecture;
			sourceTree = "<group>";
		};
		9F7EF8E52B37A5FB00E650D7 /* Scenes */ = {
			isa = PBXGroup;
			children = (
				9F7EF8E62B37A69900E650D7 /* Users */,
				9F7EF8E72B37A6AD00E650D7 /* Messages */,
			);
			path = Scenes;
			sourceTree = "<group>";
		};
		9F7EF8E62B37A69900E650D7 /* Users */ = {
			isa = PBXGroup;
			children = (
				9F7EF9012B38665D00E650D7 /* View */,
			);
			path = Users;
			sourceTree = "<group>";
		};
		9F7EF8E72B37A6AD00E650D7 /* Messages */ = {
			isa = PBXGroup;
			children = (
				9F7EF91A2B38C2B400E650D7 /* View */,
				9F7EF9242B38FCF800E650D7 /* MessageView.swift */,
				9F7EF9262B38FD1300E650D7 /* MessageViewController.swift */,
				9F7EF91B2B38F0C600E650D7 /* MessagesViewModel.swift */,
			);
			path = Messages;
			sourceTree = "<group>";
		};
		9F7EF8E82B37A70C00E650D7 /* Services */ = {
			isa = PBXGroup;
			children = (
				9F7EF8E92B37A71600E650D7 /* NetworkService */,
				9F7EF90A2B386D7D00E650D7 /* ColorHelper.swift */,
				9F7EF92C2B3978F200E650D7 /* KeyChainHelper.swift */,
				9F7EF92E2B397CF400E650D7 /* KeychainError.swift */,
			);
			path = Services;
			sourceTree = "<group>";
		};
		9F7EF8E92B37A71600E650D7 /* NetworkService */ = {
			isa = PBXGroup;
			children = (
				9F7EF8EA2B37A72000E650D7 /* API */,
				9F7EF8EB2B37A72900E650D7 /* Target */,
				9F7EF8EC2B37A73700E650D7 /* Models */,
				9F7EF8ED2B384F7000E650D7 /* NetworkTarget.swift */,
				9F7EF8F12B384FBB00E650D7 /* NetworkService.swift */,
				9F7EF8F32B384FE200E650D7 /* NetworkError.swift */,
			);
			path = NetworkService;
			sourceTree = "<group>";
		};
		9F7EF8EA2B37A72000E650D7 /* API */ = {
			isa = PBXGroup;
			children = (
				9F7EF8F82B38519E00E650D7 /* UserApiService.swift */,
				9F7EF9212B38FBCA00E650D7 /* MessageApiService.swift */,
			);
			path = API;
			sourceTree = "<group>";
		};
		9F7EF8EB2B37A72900E650D7 /* Target */ = {
			isa = PBXGroup;
			children = (
				9F7EF8FA2B3851FC00E650D7 /* UserTarget.swift */,
				9F7EF91F2B38FB0800E650D7 /* MessageTarget.swift */,
			);
			path = Target;
			sourceTree = "<group>";
		};
		9F7EF8EC2B37A73700E650D7 /* Models */ = {
			isa = PBXGroup;
			children = (
				9F7EF8FC2B385DB000E650D7 /* User.swift */,
				9F7EF91D2B38FA0F00E650D7 /* Message.swift */,
			);
			path = Models;
			sourceTree = "<group>";
		};
		9F7EF8F52B38503700E650D7 /* Extensions */ = {
			isa = PBXGroup;
			children = (
				9F7EF8F62B38504700E650D7 /* URL+Additions.swift */,
				9F7EF90C2B38700900E650D7 /* UIView+Additions.swift */,
			);
			path = Extensions;
			sourceTree = "<group>";
		};
		9F7EF9002B38628400E650D7 /* Util */ = {
			isa = PBXGroup;
			children = (
				9F7EF8FE2B38625900E650D7 /* Identifiable.swift */,
			);
			path = Util;
			sourceTree = "<group>";
		};
		9F7EF9012B38665D00E650D7 /* View */ = {
			isa = PBXGroup;
			children = (
				9F7EF9022B38666A00E650D7 /* Cell */,
				9F7EF90E2B38758B00E650D7 /* UsersView.swift */,
				9F7EF9122B387A1D00E650D7 /* UsersViewController.swift */,
				9F7EF9142B387A3300E650D7 /* UsersViewModel.swift */,
			);
			path = View;
			sourceTree = "<group>";
		};
		9F7EF9022B38666A00E650D7 /* Cell */ = {
			isa = PBXGroup;
			children = (
				9F7EF9032B38671200E650D7 /* UserTableViewCell.swift */,
			);
			path = Cell;
			sourceTree = "<group>";
		};
		9F7EF9052B38697600E650D7 /* Infrastructure */ = {
			isa = PBXGroup;
			children = (
				9F7EF9062B38699E00E650D7 /* Resources */,
				9F7EF8CD2B378C7A00E650D7 /* AppDelegate.swift */,
				9F7EF8CF2B378C7A00E650D7 /* SceneDelegate.swift */,
				9F7EF8DB2B378C7D00E650D7 /* Info.plist */,
			);
			path = Infrastructure;
			sourceTree = "<group>";
		};
		9F7EF9062B38699E00E650D7 /* Resources */ = {
			isa = PBXGroup;
			children = (
				9F7EF8D62B378C7D00E650D7 /* Assets.xcassets */,
				9F7EF9072B386A0A00E650D7 /* Colors.xcassets */,
			);
			path = Resources;
			sourceTree = "<group>";
		};
		9F7EF91A2B38C2B400E650D7 /* View */ = {
			isa = PBXGroup;
			children = (
				9F7EF9232B38FCD500E650D7 /* Cell */,
			);
			path = View;
			sourceTree = "<group>";
		};
		9F7EF9232B38FCD500E650D7 /* Cell */ = {
			isa = PBXGroup;
			children = (
				9F7EF9282B38FD4200E650D7 /* MessageTableViewCell.swift */,
			);
			path = Cell;
			sourceTree = "<group>";
		};
		9F7EF9302B39B30700E650D7 /* Cryptography */ = {
			isa = PBXGroup;
			children = (
				9F7EF9312B39B62000E650D7 /* CryptographyManager.swift */,
			);
			path = Cryptography;
			sourceTree = "<group>";
		};
/* End PBXGroup section */

/* Begin PBXNativeTarget section */
		9F7EF8C92B378C7A00E650D7 /* Messenger Challenge */ = {
			isa = PBXNativeTarget;
			buildConfigurationList = 9F7EF8DE2B378C7D00E650D7 /* Build configuration list for PBXNativeTarget "Messenger Challenge" */;
			buildPhases = (
				9F7EF8C62B378C7A00E650D7 /* Sources */,
				9F7EF8C72B378C7A00E650D7 /* Frameworks */,
				9F7EF8C82B378C7A00E650D7 /* Resources */,
			);
			buildRules = (
			);
			dependencies = (
			);
			name = "Messenger Challenge";
			productName = "Messenger Challenge";
			productReference = 9F7EF8CA2B378C7A00E650D7 /* Messenger Challenge.app */;
			productType = "com.apple.product-type.application";
		};
/* End PBXNativeTarget section */

/* Begin PBXProject section */
		9F7EF8C22B378C7A00E650D7 /* Project object */ = {
			isa = PBXProject;
			attributes = {
				BuildIndependentTargetsInParallel = 1;
				LastSwiftUpdateCheck = 1410;
				LastUpgradeCheck = 1410;
				TargetAttributes = {
					9F7EF8C92B378C7A00E650D7 = {
						CreatedOnToolsVersion = 14.1;
					};
				};
			};
			buildConfigurationList = 9F7EF8C52B378C7A00E650D7 /* Build configuration list for PBXProject "Messenger Challenge" */;
			compatibilityVersion = "Xcode 14.0";
			developmentRegion = en;
			hasScannedForEncodings = 0;
			knownRegions = (
				en,
				Base,
			);
			mainGroup = 9F7EF8C12B378C7A00E650D7;
			productRefGroup = 9F7EF8CB2B378C7A00E650D7 /* Products */;
			projectDirPath = "";
			projectRoot = "";
			targets = (
				9F7EF8C92B378C7A00E650D7 /* Messenger Challenge */,
			);
		};
/* End PBXProject section */

/* Begin PBXResourcesBuildPhase section */
		9F7EF8C82B378C7A00E650D7 /* Resources */ = {
			isa = PBXResourcesBuildPhase;
			buildActionMask = 2147483647;
			files = (
				9F7EF8D72B378C7D00E650D7 /* Assets.xcassets in Resources */,
				9F7EF9082B386A0A00E650D7 /* Colors.xcassets in Resources */,
			);
			runOnlyForDeploymentPostprocessing = 0;
		};
/* End PBXResourcesBuildPhase section */

/* Begin PBXSourcesBuildPhase section */
		9F7EF8C62B378C7A00E650D7 /* Sources */ = {
			isa = PBXSourcesBuildPhase;
			buildActionMask = 2147483647;
			files = (
				9F7EF8F42B384FE200E650D7 /* NetworkError.swift in Sources */,
				9F7EF9322B39B62000E650D7 /* CryptographyManager.swift in Sources */,
				9F7EF8F92B38519E00E650D7 /* UserApiService.swift in Sources */,
				9F7EF9112B38761F00E650D7 /* BaseView.swift in Sources */,
				9F7EF8FB2B3851FC00E650D7 /* UserTarget.swift in Sources */,
				9F7EF9042B38671200E650D7 /* UserTableViewCell.swift in Sources */,
				9F7EF90B2B386D7D00E650D7 /* ColorHelper.swift in Sources */,
				9F7EF9132B387A1D00E650D7 /* UsersViewController.swift in Sources */,
				9F7EF8E32B37A2F700E650D7 /* BaseViewController.swift in Sources */,
				9F7EF92F2B397CF400E650D7 /* KeychainError.swift in Sources */,
				9F7EF91C2B38F0C600E650D7 /* MessagesViewModel.swift in Sources */,
				9F7EF92D2B3978F200E650D7 /* KeyChainHelper.swift in Sources */,
				9F7EF90F2B38758B00E650D7 /* UsersView.swift in Sources */,
				9F7EF9292B38FD4200E650D7 /* MessageTableViewCell.swift in Sources */,
				9F7EF9202B38FB0800E650D7 /* MessageTarget.swift in Sources */,
				9F7EF8F72B38504700E650D7 /* URL+Additions.swift in Sources */,
				9F7EF90D2B38700900E650D7 /* UIView+Additions.swift in Sources */,
				9F7EF9272B38FD1300E650D7 /* MessageViewController.swift in Sources */,
				9F7EF9192B387AC300E650D7 /* ViewModel.swift in Sources */,
				9F7EF9152B387A3300E650D7 /* UsersViewModel.swift in Sources */,
				9F7EF8CE2B378C7A00E650D7 /* AppDelegate.swift in Sources */,
				9F7EF8FF2B38625900E650D7 /* Identifiable.swift in Sources */,
				9F7EF9222B38FBCA00E650D7 /* MessageApiService.swift in Sources */,
				9F7EF91E2B38FA0F00E650D7 /* Message.swift in Sources */,
				9F7EF8D02B378C7A00E650D7 /* SceneDelegate.swift in Sources */,
				9F7EF8F22B384FBB00E650D7 /* NetworkService.swift in Sources */,
				9F7EF8EE2B384F7000E650D7 /* NetworkTarget.swift in Sources */,
				9F7EF8FD2B385DB000E650D7 /* User.swift in Sources */,
				9F7EF9252B38FCF800E650D7 /* MessageView.swift in Sources */,
			);
			runOnlyForDeploymentPostprocessing = 0;
		};
/* End PBXSourcesBuildPhase section */

/* Begin XCBuildConfiguration section */
		9F7EF8DC2B378C7D00E650D7 /* Debug */ = {
			isa = XCBuildConfiguration;
			buildSettings = {
				ALWAYS_SEARCH_USER_PATHS = NO;
				CLANG_ANALYZER_NONNULL = YES;
				CLANG_ANALYZER_NUMBER_OBJECT_CONVERSION = YES_AGGRESSIVE;
				CLANG_CXX_LANGUAGE_STANDARD = "gnu++20";
				CLANG_ENABLE_MODULES = YES;
				CLANG_ENABLE_OBJC_ARC = YES;
				CLANG_ENABLE_OBJC_WEAK = YES;
				CLANG_WARN_BLOCK_CAPTURE_AUTORELEASING = YES;
				CLANG_WARN_BOOL_CONVERSION = YES;
				CLANG_WARN_COMMA = YES;
				CLANG_WARN_CONSTANT_CONVERSION = YES;
				CLANG_WARN_DEPRECATED_OBJC_IMPLEMENTATIONS = YES;
				CLANG_WARN_DIRECT_OBJC_ISA_USAGE = YES_ERROR;
				CLANG_WARN_DOCUMENTATION_COMMENTS = YES;
				CLANG_WARN_EMPTY_BODY = YES;
				CLANG_WARN_ENUM_CONVERSION = YES;
				CLANG_WARN_INFINITE_RECURSION = YES;
				CLANG_WARN_INT_CONVERSION = YES;
				CLANG_WARN_NON_LITERAL_NULL_CONVERSION = YES;
				CLANG_WARN_OBJC_IMPLICIT_RETAIN_SELF = YES;
				CLANG_WARN_OBJC_LITERAL_CONVERSION = YES;
				CLANG_WARN_OBJC_ROOT_CLASS = YES_ERROR;
				CLANG_WARN_QUOTED_INCLUDE_IN_FRAMEWORK_HEADER = YES;
				CLANG_WARN_RANGE_LOOP_ANALYSIS = YES;
				CLANG_WARN_STRICT_PROTOTYPES = YES;
				CLANG_WARN_SUSPICIOUS_MOVE = YES;
				CLANG_WARN_UNGUARDED_AVAILABILITY = YES_AGGRESSIVE;
				CLANG_WARN_UNREACHABLE_CODE = YES;
				CLANG_WARN__DUPLICATE_METHOD_MATCH = YES;
				COPY_PHASE_STRIP = NO;
				DEBUG_INFORMATION_FORMAT = dwarf;
				ENABLE_STRICT_OBJC_MSGSEND = YES;
				ENABLE_TESTABILITY = YES;
				GCC_C_LANGUAGE_STANDARD = gnu11;
				GCC_DYNAMIC_NO_PIC = NO;
				GCC_NO_COMMON_BLOCKS = YES;
				GCC_OPTIMIZATION_LEVEL = 0;
				GCC_PREPROCESSOR_DEFINITIONS = (
					"DEBUG=1",
					"$(inherited)",
				);
				GCC_WARN_64_TO_32_BIT_CONVERSION = YES;
				GCC_WARN_ABOUT_RETURN_TYPE = YES_ERROR;
				GCC_WARN_UNDECLARED_SELECTOR = YES;
				GCC_WARN_UNINITIALIZED_AUTOS = YES_AGGRESSIVE;
				GCC_WARN_UNUSED_FUNCTION = YES;
				GCC_WARN_UNUSED_VARIABLE = YES;
				IPHONEOS_DEPLOYMENT_TARGET = 15.0;
				MTL_ENABLE_DEBUG_INFO = INCLUDE_SOURCE;
				MTL_FAST_MATH = YES;
				ONLY_ACTIVE_ARCH = YES;
				SDKROOT = iphoneos;
				SWIFT_ACTIVE_COMPILATION_CONDITIONS = DEBUG;
				SWIFT_OPTIMIZATION_LEVEL = "-Onone";
			};
			name = Debug;
		};
		9F7EF8DD2B378C7D00E650D7 /* Release */ = {
			isa = XCBuildConfiguration;
			buildSettings = {
				ALWAYS_SEARCH_USER_PATHS = NO;
				CLANG_ANALYZER_NONNULL = YES;
				CLANG_ANALYZER_NUMBER_OBJECT_CONVERSION = YES_AGGRESSIVE;
				CLANG_CXX_LANGUAGE_STANDARD = "gnu++20";
				CLANG_ENABLE_MODULES = YES;
				CLANG_ENABLE_OBJC_ARC = YES;
				CLANG_ENABLE_OBJC_WEAK = YES;
				CLANG_WARN_BLOCK_CAPTURE_AUTORELEASING = YES;
				CLANG_WARN_BOOL_CONVERSION = YES;
				CLANG_WARN_COMMA = YES;
				CLANG_WARN_CONSTANT_CONVERSION = YES;
				CLANG_WARN_DEPRECATED_OBJC_IMPLEMENTATIONS = YES;
				CLANG_WARN_DIRECT_OBJC_ISA_USAGE = YES_ERROR;
				CLANG_WARN_DOCUMENTATION_COMMENTS = YES;
				CLANG_WARN_EMPTY_BODY = YES;
				CLANG_WARN_ENUM_CONVERSION = YES;
				CLANG_WARN_INFINITE_RECURSION = YES;
				CLANG_WARN_INT_CONVERSION = YES;
				CLANG_WARN_NON_LITERAL_NULL_CONVERSION = YES;
				CLANG_WARN_OBJC_IMPLICIT_RETAIN_SELF = YES;
				CLANG_WARN_OBJC_LITERAL_CONVERSION = YES;
				CLANG_WARN_OBJC_ROOT_CLASS = YES_ERROR;
				CLANG_WARN_QUOTED_INCLUDE_IN_FRAMEWORK_HEADER = YES;
				CLANG_WARN_RANGE_LOOP_ANALYSIS = YES;
				CLANG_WARN_STRICT_PROTOTYPES = YES;
				CLANG_WARN_SUSPICIOUS_MOVE = YES;
				CLANG_WARN_UNGUARDED_AVAILABILITY = YES_AGGRESSIVE;
				CLANG_WARN_UNREACHABLE_CODE = YES;
				CLANG_WARN__DUPLICATE_METHOD_MATCH = YES;
				COPY_PHASE_STRIP = NO;
				DEBUG_INFORMATION_FORMAT = "dwarf-with-dsym";
				ENABLE_NS_ASSERTIONS = NO;
				ENABLE_STRICT_OBJC_MSGSEND = YES;
				GCC_C_LANGUAGE_STANDARD = gnu11;
				GCC_NO_COMMON_BLOCKS = YES;
				GCC_WARN_64_TO_32_BIT_CONVERSION = YES;
				GCC_WARN_ABOUT_RETURN_TYPE = YES_ERROR;
				GCC_WARN_UNDECLARED_SELECTOR = YES;
				GCC_WARN_UNINITIALIZED_AUTOS = YES_AGGRESSIVE;
				GCC_WARN_UNUSED_FUNCTION = YES;
				GCC_WARN_UNUSED_VARIABLE = YES;
				IPHONEOS_DEPLOYMENT_TARGET = 15.0;
				MTL_ENABLE_DEBUG_INFO = NO;
				MTL_FAST_MATH = YES;
				SDKROOT = iphoneos;
				SWIFT_COMPILATION_MODE = wholemodule;
				SWIFT_OPTIMIZATION_LEVEL = "-O";
				VALIDATE_PRODUCT = YES;
			};
			name = Release;
		};
		9F7EF8DF2B378C7D00E650D7 /* Debug */ = {
			isa = XCBuildConfiguration;
			buildSettings = {
				ASSETCATALOG_COMPILER_APPICON_NAME = AppIcon;
				ASSETCATALOG_COMPILER_GLOBAL_ACCENT_COLOR_NAME = AccentColor;
				CODE_SIGN_STYLE = Automatic;
				CURRENT_PROJECT_VERSION = 1;
				DEVELOPMENT_TEAM = 986PSV4D2J;
				GENERATE_INFOPLIST_FILE = YES;
				INFOPLIST_FILE = "Messenger Challenge/Infrastructure/Info.plist";
				INFOPLIST_KEY_UIApplicationSupportsIndirectInputEvents = YES;
				INFOPLIST_KEY_UILaunchStoryboardName = LaunchScreen;
				INFOPLIST_KEY_UIMainStoryboardFile = "";
				INFOPLIST_KEY_UISupportedInterfaceOrientations_iPad = "UIInterfaceOrientationPortrait UIInterfaceOrientationPortraitUpsideDown UIInterfaceOrientationLandscapeLeft UIInterfaceOrientationLandscapeRight";
				INFOPLIST_KEY_UISupportedInterfaceOrientations_iPhone = "UIInterfaceOrientationPortrait UIInterfaceOrientationLandscapeLeft UIInterfaceOrientationLandscapeRight";
				IPHONEOS_DEPLOYMENT_TARGET = 15.0;
				LD_RUNPATH_SEARCH_PATHS = (
					"$(inherited)",
					"@executable_path/Frameworks",
				);
				MARKETING_VERSION = 1.0;
				PRODUCT_BUNDLE_IDENTIFIER = "com.hkucukcayir.Messenger-Challenge";
				PRODUCT_NAME = "$(TARGET_NAME)";
				SWIFT_EMIT_LOC_STRINGS = YES;
				SWIFT_VERSION = 5.0;
				TARGETED_DEVICE_FAMILY = "1,2";
			};
			name = Debug;
		};
		9F7EF8E02B378C7D00E650D7 /* Release */ = {
			isa = XCBuildConfiguration;
			buildSettings = {
				ASSETCATALOG_COMPILER_APPICON_NAME = AppIcon;
				ASSETCATALOG_COMPILER_GLOBAL_ACCENT_COLOR_NAME = AccentColor;
				CODE_SIGN_STYLE = Automatic;
				CURRENT_PROJECT_VERSION = 1;
				DEVELOPMENT_TEAM = 986PSV4D2J;
				GENERATE_INFOPLIST_FILE = YES;
				INFOPLIST_FILE = "Messenger Challenge/Infrastructure/Info.plist";
				INFOPLIST_KEY_UIApplicationSupportsIndirectInputEvents = YES;
				INFOPLIST_KEY_UILaunchStoryboardName = LaunchScreen;
				INFOPLIST_KEY_UIMainStoryboardFile = "";
				INFOPLIST_KEY_UISupportedInterfaceOrientations_iPad = "UIInterfaceOrientationPortrait UIInterfaceOrientationPortraitUpsideDown UIInterfaceOrientationLandscapeLeft UIInterfaceOrientationLandscapeRight";
				INFOPLIST_KEY_UISupportedInterfaceOrientations_iPhone = "UIInterfaceOrientationPortrait UIInterfaceOrientationLandscapeLeft UIInterfaceOrientationLandscapeRight";
				IPHONEOS_DEPLOYMENT_TARGET = 15.0;
				LD_RUNPATH_SEARCH_PATHS = (
					"$(inherited)",
					"@executable_path/Frameworks",
				);
				MARKETING_VERSION = 1.0;
				PRODUCT_BUNDLE_IDENTIFIER = "com.hkucukcayir.Messenger-Challenge";
				PRODUCT_NAME = "$(TARGET_NAME)";
				SWIFT_EMIT_LOC_STRINGS = YES;
				SWIFT_VERSION = 5.0;
				TARGETED_DEVICE_FAMILY = "1,2";
			};
			name = Release;
		};
/* End XCBuildConfiguration section */

/* Begin XCConfigurationList section */
		9F7EF8C52B378C7A00E650D7 /* Build configuration list for PBXProject "Messenger Challenge" */ = {
			isa = XCConfigurationList;
			buildConfigurations = (
				9F7EF8DC2B378C7D00E650D7 /* Debug */,
				9F7EF8DD2B378C7D00E650D7 /* Release */,
			);
			defaultConfigurationIsVisible = 0;
			defaultConfigurationName = Release;
		};
		9F7EF8DE2B378C7D00E650D7 /* Build configuration list for PBXNativeTarget "Messenger Challenge" */ = {
			isa = XCConfigurationList;
			buildConfigurations = (
				9F7EF8DF2B378C7D00E650D7 /* Debug */,
				9F7EF8E02B378C7D00E650D7 /* Release */,
			);
			defaultConfigurationIsVisible = 0;
			defaultConfigurationName = Release;
		};
/* End XCConfigurationList section */
	};
	rootObject = 9F7EF8C22B378C7A00E650D7 /* Project object */;
}
